
Microsoft Visual Studio Solution File, Format Version 12.00
# Visual Studio Version 17
VisualStudioVersion = 17.10.35122.118
MinimumVisualStudioVersion = 10.0.40219.1
Project("{FAE04EC0-301F-11D3-BF4B-00C04F79EFBC}") = "StrategyPattern", "StrategyPattern.csproj", "{26E4C467-2008-499A-A1A0-B287B9950AEE}"
EndProject
Global
	GlobalSection(SolutionConfigurationPlatforms) = preSolution
		Debug|Any CPU = Debug|Any CPU
		Release|Any CPU = Release|Any CPU
	EndGlobalSection
	GlobalSection(ProjectConfigurationPlatforms) = postSolution
		{26E4C467-2008-499A-A1A0-B287B9950AEE}.Debug|Any CPU.ActiveCfg = Debug|Any CPU
		{26E4C467-2008-499A-A1A0-B287B9950AEE}.Debug|Any CPU.Build.0 = Debug|Any CPU
		{26E4C467-2008-499A-A1A0-B287B9950AEE}.Release|Any CPU.ActiveCfg = Release|Any CPU
		{26E4C467-2008-499A-A1A0-B287B9950AEE}.Release|Any CPU.Build.0 = Release|Any CPU
	EndGlobalSection
	GlobalSection(SolutionProperties) = preSolution
		HideSolutionNode = FALSE
	EndGlobalSection
	GlobalSection(ExtensibilityGlobals) = postSolution
		SolutionGuid = {B95ECE6E-945E-4D90-88EE-7A4B305D9D02}
	EndGlobalSection
EndGlobal
